
Microsoft Visual Studio Solution File, Format Version 12.00
# Visual Studio Version 16
VisualStudioVersion = 16.0.28922.388
MinimumVisualStudioVersion = 10.0.40219.1
Project("{FAE04EC0-301F-11D3-BF4B-00C04F79EFBC}") = "TurkMite", "TurkMite\TurkMite.csproj", "{91AE5389-7F7F-4262-AD36-87EFB821F785}"
EndProject
Project("{FAE04EC0-301F-11D3-BF4B-00C04F79EFBC}") = "TestProject", "TestProject\TestProject.csproj", "{97948E46-38F2-4C9E-ACC1-9AAB6A7859A3}"
EndProject
Project("{FAE04EC0-301F-11D3-BF4B-00C04F79EFBC}") = "Tests", "Tests\Tests.csproj", "{46B15B9E-CA14-43DA-A0BA-E18601F973D9}"
EndProject
Global
	GlobalSection(SolutionConfigurationPlatforms) = preSolution
		Debug|Any CPU = Debug|Any CPU
		Release|Any CPU = Release|Any CPU
	EndGlobalSection
	GlobalSection(ProjectConfigurationPlatforms) = postSolution
		{91AE5389-7F7F-4262-AD36-87EFB821F785}.Debug|Any CPU.ActiveCfg = Debug|Any CPU
		{91AE5389-7F7F-4262-AD36-87EFB821F785}.Debug|Any CPU.Build.0 = Debug|Any CPU
		{91AE5389-7F7F-4262-AD36-87EFB821F785}.Release|Any CPU.ActiveCfg = Release|Any CPU
		{91AE5389-7F7F-4262-AD36-87EFB821F785}.Release|Any CPU.Build.0 = Release|Any CPU
		{97948E46-38F2-4C9E-ACC1-9AAB6A7859A3}.Debug|Any CPU.ActiveCfg = Debug|Any CPU
		{97948E46-38F2-4C9E-ACC1-9AAB6A7859A3}.Debug|Any CPU.Build.0 = Debug|Any CPU
		{97948E46-38F2-4C9E-ACC1-9AAB6A7859A3}.Release|Any CPU.ActiveCfg = Release|Any CPU
		{97948E46-38F2-4C9E-ACC1-9AAB6A7859A3}.Release|Any CPU.Build.0 = Release|Any CPU
		{46B15B9E-CA14-43DA-A0BA-E18601F973D9}.Debug|Any CPU.ActiveCfg = Debug|Any CPU
		{46B15B9E-CA14-43DA-A0BA-E18601F973D9}.Debug|Any CPU.Build.0 = Debug|Any CPU
		{46B15B9E-CA14-43DA-A0BA-E18601F973D9}.Release|Any CPU.ActiveCfg = Release|Any CPU
		{46B15B9E-CA14-43DA-A0BA-E18601F973D9}.Release|Any CPU.Build.0 = Release|Any CPU
	EndGlobalSection
	GlobalSection(SolutionProperties) = preSolution
		HideSolutionNode = FALSE
	EndGlobalSection
	GlobalSection(ExtensibilityGlobals) = postSolution
		SolutionGuid = {F15A9BC5-C547-44E7-AF3A-15C740A5463C}
	EndGlobalSection
EndGlobal
